
Microsoft Visual Studio Solution File, Format Version 12.00
# Visual Studio Version 16
VisualStudioVersion = 16.0.30114.105
MinimumVisualStudioVersion = 10.0.40219.1
Project("{9A19103F-16F7-4668-BE54-9A1E7A4F7556}") = "LunarBind", "LunarBind\LunarBind.csproj", "{AB7B879A-7216-4082-87D1-B54E3F6EE983}"
EndProject
Project("{FAE04EC0-301F-11D3-BF4B-00C04F79EFBC}") = "LunarBindNetFramework", "LunarBindNetFramework\LunarBindNetFramework.csproj", "{0AD5D929-B842-4DF4-BD29-80D9C406A2E0}"
EndProject
Project("{FAE04EC0-301F-11D3-BF4B-00C04F79EFBC}") = "LunarBindUnity", "LunarBindUnity\LunarBindUnity.csproj", "{87EA6577-ED4B-4D28-8EB7-25E503D70C48}"
EndProject
Project("{FAE04EC0-301F-11D3-BF4B-00C04F79EFBC}") = "MoonSharp.Interpreter.net40-client", "..\moonsharp\src\MoonSharp.Interpreter\_Projects\MoonSharp.Interpreter.net40-client\MoonSharp.Interpreter.net40-client.csproj", "{88D2880C-A863-4B16-ABEF-F67BD1E98BD1}"
EndProject
Global
	GlobalSection(SolutionConfigurationPlatforms) = preSolution
		Debug|Any CPU = Debug|Any CPU
		Debug|x64 = Debug|x64
		Debug|x86 = Debug|x86
		Dev|Any CPU = Dev|Any CPU
		Dev|x64 = Dev|x64
		Dev|x86 = Dev|x86
		Devp4|Any CPU = Devp4|Any CPU
		Devp4|x64 = Devp4|x64
		Devp4|x86 = Devp4|x86
		Release|Any CPU = Release|Any CPU
		Release|x64 = Release|x64
		Release|x86 = Release|x86
	EndGlobalSection
	GlobalSection(ProjectConfigurationPlatforms) = postSolution
		{AB7B879A-7216-4082-87D1-B54E3F6EE983}.Debug|Any CPU.ActiveCfg = Debug|Any CPU
		{AB7B879A-7216-4082-87D1-B54E3F6EE983}.Debug|Any CPU.Build.0 = Debug|Any CPU
		{AB7B879A-7216-4082-87D1-B54E3F6EE983}.Debug|x64.ActiveCfg = Debug|Any CPU
		{AB7B879A-7216-4082-87D1-B54E3F6EE983}.Debug|x64.Build.0 = Debug|Any CPU
		{AB7B879A-7216-4082-87D1-B54E3F6EE983}.Debug|x86.ActiveCfg = Debug|Any CPU
		{AB7B879A-7216-4082-87D1-B54E3F6EE983}.Debug|x86.Build.0 = Debug|Any CPU
		{AB7B879A-7216-4082-87D1-B54E3F6EE983}.Dev|Any CPU.ActiveCfg = Debug|Any CPU
		{AB7B879A-7216-4082-87D1-B54E3F6EE983}.Dev|Any CPU.Build.0 = Debug|Any CPU
		{AB7B879A-7216-4082-87D1-B54E3F6EE983}.Dev|x64.ActiveCfg = Debug|Any CPU
		{AB7B879A-7216-4082-87D1-B54E3F6EE983}.Dev|x64.Build.0 = Debug|Any CPU
		{AB7B879A-7216-4082-87D1-B54E3F6EE983}.Dev|x86.ActiveCfg = Debug|Any CPU
		{AB7B879A-7216-4082-87D1-B54E3F6EE983}.Dev|x86.Build.0 = Debug|Any CPU
		{AB7B879A-7216-4082-87D1-B54E3F6EE983}.Devp4|Any CPU.ActiveCfg = Debug|Any CPU
		{AB7B879A-7216-4082-87D1-B54E3F6EE983}.Devp4|Any CPU.Build.0 = Debug|Any CPU
		{AB7B879A-7216-4082-87D1-B54E3F6EE983}.Devp4|x64.ActiveCfg = Debug|Any CPU
		{AB7B879A-7216-4082-87D1-B54E3F6EE983}.Devp4|x64.Build.0 = Debug|Any CPU
		{AB7B879A-7216-4082-87D1-B54E3F6EE983}.Devp4|x86.ActiveCfg = Debug|Any CPU
		{AB7B879A-7216-4082-87D1-B54E3F6EE983}.Devp4|x86.Build.0 = Debug|Any CPU
		{AB7B879A-7216-4082-87D1-B54E3F6EE983}.Release|Any CPU.ActiveCfg = Release|Any CPU
		{AB7B879A-7216-4082-87D1-B54E3F6EE983}.Release|Any CPU.Build.0 = Release|Any CPU
		{AB7B879A-7216-4082-87D1-B54E3F6EE983}.Release|x64.ActiveCfg = Release|Any CPU
		{AB7B879A-7216-4082-87D1-B54E3F6EE983}.Release|x64.Build.0 = Release|Any CPU
		{AB7B879A-7216-4082-87D1-B54E3F6EE983}.Release|x86.ActiveCfg = Release|Any CPU
		{AB7B879A-7216-4082-87D1-B54E3F6EE983}.Release|x86.Build.0 = Release|Any CPU
		{0AD5D929-B842-4DF4-BD29-80D9C406A2E0}.Debug|Any CPU.ActiveCfg = Debug|Any CPU
		{0AD5D929-B842-4DF4-BD29-80D9C406A2E0}.Debug|Any CPU.Build.0 = Debug|Any CPU
		{0AD5D929-B842-4DF4-BD29-80D9C406A2E0}.Debug|x64.ActiveCfg = Debug|Any CPU
		{0AD5D929-B842-4DF4-BD29-80D9C406A2E0}.Debug|x64.Build.0 = Debug|Any CPU
		{0AD5D929-B842-4DF4-BD29-80D9C406A2E0}.Debug|x86.ActiveCfg = Debug|Any CPU
		{0AD5D929-B842-4DF4-BD29-80D9C406A2E0}.Debug|x86.Build.0 = Debug|Any CPU
		{0AD5D929-B842-4DF4-BD29-80D9C406A2E0}.Dev|Any CPU.ActiveCfg = Debug|Any CPU
		{0AD5D929-B842-4DF4-BD29-80D9C406A2E0}.Dev|Any CPU.Build.0 = Debug|Any CPU
		{0AD5D929-B842-4DF4-BD29-80D9C406A2E0}.Dev|x64.ActiveCfg = Debug|Any CPU
		{0AD5D929-B842-4DF4-BD29-80D9C406A2E0}.Dev|x64.Build.0 = Debug|Any CPU
		{0AD5D929-B842-4DF4-BD29-80D9C406A2E0}.Dev|x86.ActiveCfg = Debug|Any CPU
		{0AD5D929-B842-4DF4-BD29-80D9C406A2E0}.Dev|x86.Build.0 = Debug|Any CPU
		{0AD5D929-B842-4DF4-BD29-80D9C406A2E0}.Devp4|Any CPU.ActiveCfg = Debug|Any CPU
		{0AD5D929-B842-4DF4-BD29-80D9C406A2E0}.Devp4|Any CPU.Build.0 = Debug|Any CPU
		{0AD5D929-B842-4DF4-BD29-80D9C406A2E0}.Devp4|x64.ActiveCfg = Debug|Any CPU
		{0AD5D929-B842-4DF4-BD29-80D9C406A2E0}.Devp4|x64.Build.0 = Debug|Any CPU
		{0AD5D929-B842-4DF4-BD29-80D9C406A2E0}.Devp4|x86.ActiveCfg = Debug|Any CPU
		{0AD5D929-B842-4DF4-BD29-80D9C406A2E0}.Devp4|x86.Build.0 = Debug|Any CPU
		{0AD5D929-B842-4DF4-BD29-80D9C406A2E0}.Release|Any CPU.ActiveCfg = Release|Any CPU
		{0AD5D929-B842-4DF4-BD29-80D9C406A2E0}.Release|Any CPU.Build.0 = Release|Any CPU
		{0AD5D929-B842-4DF4-BD29-80D9C406A2E0}.Release|x64.ActiveCfg = Release|Any CPU
		{0AD5D929-B842-4DF4-BD29-80D9C406A2E0}.Release|x64.Build.0 = Release|Any CPU
		{0AD5D929-B842-4DF4-BD29-80D9C406A2E0}.Release|x86.ActiveCfg = Release|Any CPU
		{0AD5D929-B842-4DF4-BD29-80D9C406A2E0}.Release|x86.Build.0 = Release|Any CPU
		{87EA6577-ED4B-4D28-8EB7-25E503D70C48}.Debug|Any CPU.ActiveCfg = Debug|Any CPU
		{87EA6577-ED4B-4D28-8EB7-25E503D70C48}.Debug|Any CPU.Build.0 = Debug|Any CPU
		{87EA6577-ED4B-4D28-8EB7-25E503D70C48}.Debug|x64.ActiveCfg = Debug|Any CPU
		{87EA6577-ED4B-4D28-8EB7-25E503D70C48}.Debug|x64.Build.0 = Debug|Any CPU
		{87EA6577-ED4B-4D28-8EB7-25E503D70C48}.Debug|x86.ActiveCfg = Debug|Any CPU
		{87EA6577-ED4B-4D28-8EB7-25E503D70C48}.Debug|x86.Build.0 = Debug|Any CPU
		{87EA6577-ED4B-4D28-8EB7-25E503D70C48}.Dev|Any CPU.ActiveCfg = Debug|Any CPU
		{87EA6577-ED4B-4D28-8EB7-25E503D70C48}.Dev|Any CPU.Build.0 = Debug|Any CPU
		{87EA6577-ED4B-4D28-8EB7-25E503D70C48}.Dev|x64.ActiveCfg = Debug|Any CPU
		{87EA6577-ED4B-4D28-8EB7-25E503D70C48}.Dev|x64.Build.0 = Debug|Any CPU
		{87EA6577-ED4B-4D28-8EB7-25E503D70C48}.Dev|x86.ActiveCfg = Debug|Any CPU
		{87EA6577-ED4B-4D28-8EB7-25E503D70C48}.Dev|x86.Build.0 = Debug|Any CPU
		{87EA6577-ED4B-4D28-8EB7-25E503D70C48}.Devp4|Any CPU.ActiveCfg = Debug|Any CPU
		{87EA6577-ED4B-4D28-8EB7-25E503D70C48}.Devp4|Any CPU.Build.0 = Debug|Any CPU
		{87EA6577-ED4B-4D28-8EB7-25E503D70C48}.Devp4|x64.ActiveCfg = Debug|Any CPU
		{87EA6577-ED4B-4D28-8EB7-25E503D70C48}.Devp4|x64.Build.0 = Debug|Any CPU
		{87EA6577-ED4B-4D28-8EB7-25E503D70C48}.Devp4|x86.ActiveCfg = Debug|Any CPU
		{87EA6577-ED4B-4D28-8EB7-25E503D70C48}.Devp4|x86.Build.0 = Debug|Any CPU
		{87EA6577-ED4B-4D28-8EB7-25E503D70C48}.Release|Any CPU.ActiveCfg = Release|Any CPU
		{87EA6577-ED4B-4D28-8EB7-25E503D70C48}.Release|Any CPU.Build.0 = Release|Any CPU
		{87EA6577-ED4B-4D28-8EB7-25E503D70C48}.Release|x64.ActiveCfg = Release|Any CPU
		{87EA6577-ED4B-4D28-8EB7-25E503D70C48}.Release|x64.Build.0 = Release|Any CPU
		{87EA6577-ED4B-4D28-8EB7-25E503D70C48}.Release|x86.ActiveCfg = Release|Any CPU
		{87EA6577-ED4B-4D28-8EB7-25E503D70C48}.Release|x86.Build.0 = Release|Any CPU
		{88D2880C-A863-4B16-ABEF-F67BD1E98BD1}.Debug|Any CPU.ActiveCfg = Debug|Any CPU
		{88D2880C-A863-4B16-ABEF-F67BD1E98BD1}.Debug|Any CPU.Build.0 = Debug|Any CPU
		{88D2880C-A863-4B16-ABEF-F67BD1E98BD1}.Debug|x64.ActiveCfg = Debug|Any CPU
		{88D2880C-A863-4B16-ABEF-F67BD1E98BD1}.Debug|x64.Build.0 = Debug|Any CPU
		{88D2880C-A863-4B16-ABEF-F67BD1E98BD1}.Debug|x86.ActiveCfg = Debug|Any CPU
		{88D2880C-A863-4B16-ABEF-F67BD1E98BD1}.Debug|x86.Build.0 = Debug|Any CPU
		{88D2880C-A863-4B16-ABEF-F67BD1E98BD1}.Dev|Any CPU.ActiveCfg = Dev|Any CPU
		{88D2880C-A863-4B16-ABEF-F67BD1E98BD1}.Dev|Any CPU.Build.0 = Dev|Any CPU
		{88D2880C-A863-4B16-ABEF-F67BD1E98BD1}.Dev|x64.ActiveCfg = Dev|Any CPU
		{88D2880C-A863-4B16-ABEF-F67BD1E98BD1}.Dev|x64.Build.0 = Dev|Any CPU
		{88D2880C-A863-4B16-ABEF-F67BD1E98BD1}.Dev|x86.ActiveCfg = Dev|Any CPU
		{88D2880C-A863-4B16-ABEF-F67BD1E98BD1}.Dev|x86.Build.0 = Dev|Any CPU
		{88D2880C-A863-4B16-ABEF-F67BD1E98BD1}.Devp4|Any CPU.ActiveCfg = Devp4|Any CPU
		{88D2880C-A863-4B16-ABEF-F67BD1E98BD1}.Devp4|Any CPU.Build.0 = Devp4|Any CPU
		{88D2880C-A863-4B16-ABEF-F67BD1E98BD1}.Devp4|x64.ActiveCfg = Devp4|Any CPU
		{88D2880C-A863-4B16-ABEF-F67BD1E98BD1}.Devp4|x64.Build.0 = Devp4|Any CPU
		{88D2880C-A863-4B16-ABEF-F67BD1E98BD1}.Devp4|x86.ActiveCfg = Devp4|Any CPU
		{88D2880C-A863-4B16-ABEF-F67BD1E98BD1}.Devp4|x86.Build.0 = Devp4|Any CPU
		{88D2880C-A863-4B16-ABEF-F67BD1E98BD1}.Release|Any CPU.ActiveCfg = Release|Any CPU
		{88D2880C-A863-4B16-ABEF-F67BD1E98BD1}.Release|Any CPU.Build.0 = Release|Any CPU
		{88D2880C-A863-4B16-ABEF-F67BD1E98BD1}.Release|x64.ActiveCfg = Release|Any CPU
		{88D2880C-A863-4B16-ABEF-F67BD1E98BD1}.Release|x64.Build.0 = Release|Any CPU
		{88D2880C-A863-4B16-ABEF-F67BD1E98BD1}.Release|x86.ActiveCfg = Release|Any CPU
		{88D2880C-A863-4B16-ABEF-F67BD1E98BD1}.Release|x86.Build.0 = Release|Any CPU
	EndGlobalSection
	GlobalSection(SolutionProperties) = preSolution
		HideSolutionNode = FALSE
	EndGlobalSection
	GlobalSection(ExtensibilityGlobals) = postSolution
		SolutionGuid = {7C502DF1-EB52-4EB7-AB23-EF2D940EB3D2}
	EndGlobalSection
EndGlobal
